
Microsoft Visual Studio Solution File, Format Version 12.00
# Visual Studio Version 17
VisualStudioVersion = 17.0.31903.59
MinimumVisualStudioVersion = 10.0.40219.1
Project("{FAE04EC0-301F-11D3-BF4B-00C04F79EFBC}") = "WebApp", "WebApp\WebApp.csproj", "{FB440501-BE0D-41D2-9FD5-56B4AB98E8DE}"
EndProject
Project("{FAE04EC0-301F-11D3-BF4B-00C04F79EFBC}") = "WebApp.Tests", "WebApp.Tests\WebApp.Tests.csproj", "{A183F987-E772-4C71-9D4A-3FB18CD2299D}"
EndProject
Global
	GlobalSection(SolutionConfigurationPlatforms) = preSolution
		Debug|Any CPU = Debug|Any CPU
		Release|Any CPU = Release|Any CPU
	EndGlobalSection
	GlobalSection(ProjectConfigurationPlatforms) = postSolution
		{FB440501-BE0D-41D2-9FD5-56B4AB98E8DE}.Debug|Any CPU.ActiveCfg = Debug|Any CPU
		{FB440501-BE0D-41D2-9FD5-56B4AB98E8DE}.Debug|Any CPU.Build.0 = Debug|Any CPU
		{FB440501-BE0D-41D2-9FD5-56B4AB98E8DE}.Release|Any CPU.ActiveCfg = Release|Any CPU
		{FB440501-BE0D-41D2-9FD5-56B4AB98E8DE}.Release|Any CPU.Build.0 = Release|Any CPU
		{A183F987-E772-4C71-9D4A-3FB18CD2299D}.Debug|Any CPU.ActiveCfg = Debug|Any CPU
		{A183F987-E772-4C71-9D4A-3FB18CD2299D}.Debug|Any CPU.Build.0 = Debug|Any CPU
		{A183F987-E772-4C71-9D4A-3FB18CD2299D}.Release|Any CPU.ActiveCfg = Release|Any CPU
		{A183F987-E772-4C71-9D4A-3FB18CD2299D}.Release|Any CPU.Build.0 = Release|Any CPU
	EndGlobalSection
	GlobalSection(SolutionProperties) = preSolution
		HideSolutionNode = FALSE
	EndGlobalSection
	GlobalSection(ExtensibilityGlobals) = postSolution
		SolutionGuid = {6FE77FAA-D1E1-4FB0-99DA-C3B1F4251A52}
	EndGlobalSection
EndGlobal
